
Microsoft Visual Studio Solution File, Format Version 12.00
# Visual Studio Version 16
VisualStudioVersion = 16.0.29709.97
MinimumVisualStudioVersion = 10.0.40219.1
Project("{9A19103F-16F7-4668-BE54-9A1E7A4F7556}") = "LibraryManagementSystem.Api", "LibraryManagementSystem.Api\LibraryManagementSystem.Api.csproj", "{2A912B6A-80E9-4066-AA51-A588BD2F9EFB}"
	ProjectSection(ProjectDependencies) = postProject
		{10C03EDC-23D7-4191-9AB2-248B69F6C327} = {10C03EDC-23D7-4191-9AB2-248B69F6C327}
		{E5828EFF-0D78-4799-8F23-C12BAB5DC598} = {E5828EFF-0D78-4799-8F23-C12BAB5DC598}
	EndProjectSection
EndProject
Project("{FAE04EC0-301F-11D3-BF4B-00C04F79EFBC}") = "LibraryManagementSystem.Core", "LibraryManagementSystem.Core\LibraryManagementSystem.Core.csproj", "{10C03EDC-23D7-4191-9AB2-248B69F6C327}"
EndProject
Project("{FAE04EC0-301F-11D3-BF4B-00C04F79EFBC}") = "LibraryManagementSystem.Repository", "LibraryManagementSystem.Repository\LibraryManagementSystem.Repository.csproj", "{E5828EFF-0D78-4799-8F23-C12BAB5DC598}"
	ProjectSection(ProjectDependencies) = postProject
		{10C03EDC-23D7-4191-9AB2-248B69F6C327} = {10C03EDC-23D7-4191-9AB2-248B69F6C327}
	EndProjectSection
EndProject
Global
	GlobalSection(SolutionConfigurationPlatforms) = preSolution
		Debug|Any CPU = Debug|Any CPU
		Release|Any CPU = Release|Any CPU
	EndGlobalSection
	GlobalSection(ProjectConfigurationPlatforms) = postSolution
		{2A912B6A-80E9-4066-AA51-A588BD2F9EFB}.Debug|Any CPU.ActiveCfg = Debug|Any CPU
		{2A912B6A-80E9-4066-AA51-A588BD2F9EFB}.Debug|Any CPU.Build.0 = Debug|Any CPU
		{2A912B6A-80E9-4066-AA51-A588BD2F9EFB}.Release|Any CPU.ActiveCfg = Release|Any CPU
		{2A912B6A-80E9-4066-AA51-A588BD2F9EFB}.Release|Any CPU.Build.0 = Release|Any CPU
		{10C03EDC-23D7-4191-9AB2-248B69F6C327}.Debug|Any CPU.ActiveCfg = Debug|Any CPU
		{10C03EDC-23D7-4191-9AB2-248B69F6C327}.Debug|Any CPU.Build.0 = Debug|Any CPU
		{10C03EDC-23D7-4191-9AB2-248B69F6C327}.Release|Any CPU.ActiveCfg = Release|Any CPU
		{10C03EDC-23D7-4191-9AB2-248B69F6C327}.Release|Any CPU.Build.0 = Release|Any CPU
		{E5828EFF-0D78-4799-8F23-C12BAB5DC598}.Debug|Any CPU.ActiveCfg = Debug|Any CPU
		{E5828EFF-0D78-4799-8F23-C12BAB5DC598}.Debug|Any CPU.Build.0 = Debug|Any CPU
		{E5828EFF-0D78-4799-8F23-C12BAB5DC598}.Release|Any CPU.ActiveCfg = Release|Any CPU
		{E5828EFF-0D78-4799-8F23-C12BAB5DC598}.Release|Any CPU.Build.0 = Release|Any CPU
	EndGlobalSection
	GlobalSection(SolutionProperties) = preSolution
		HideSolutionNode = FALSE
	EndGlobalSection
	GlobalSection(ExtensibilityGlobals) = postSolution
		SolutionGuid = {EEB5027A-2D18-4996-A1EF-FE0F53583207}
	EndGlobalSection
EndGlobal
